
Microsoft Visual Studio Solution File, Format Version 12.00
# Visual Studio 15
VisualStudioVersion = 15.0.28307.852
MinimumVisualStudioVersion = 10.0.40219.1
Project("{F184B08F-C81C-45F6-A57F-5ABD9991F28F}") = "LazySharp_Hook", "LazySharp_Hook\LazySharp_Hook.vbproj", "{7D2C10A1-3132-4C02-8988-B2ECC6B72F98}"
EndProject
Global
	GlobalSection(SolutionConfigurationPlatforms) = preSolution
		Debug|Any CPU = Debug|Any CPU
		Debug|x86 = Debug|x86
		Release|Any CPU = Release|Any CPU
		Release|x86 = Release|x86
	EndGlobalSection
	GlobalSection(ProjectConfigurationPlatforms) = postSolution
		{7D2C10A1-3132-4C02-8988-B2ECC6B72F98}.Debug|Any CPU.ActiveCfg = Debug|Any CPU
		{7D2C10A1-3132-4C02-8988-B2ECC6B72F98}.Debug|Any CPU.Build.0 = Debug|Any CPU
		{7D2C10A1-3132-4C02-8988-B2ECC6B72F98}.Debug|x86.ActiveCfg = Debug|x86
		{7D2C10A1-3132-4C02-8988-B2ECC6B72F98}.Debug|x86.Build.0 = Debug|x86
		{7D2C10A1-3132-4C02-8988-B2ECC6B72F98}.Release|Any CPU.ActiveCfg = Release|Any CPU
		{7D2C10A1-3132-4C02-8988-B2ECC6B72F98}.Release|Any CPU.Build.0 = Release|Any CPU
		{7D2C10A1-3132-4C02-8988-B2ECC6B72F98}.Release|x86.ActiveCfg = Release|x86
		{7D2C10A1-3132-4C02-8988-B2ECC6B72F98}.Release|x86.Build.0 = Release|x86
	EndGlobalSection
	GlobalSection(SolutionProperties) = preSolution
		HideSolutionNode = FALSE
	EndGlobalSection
	GlobalSection(ExtensibilityGlobals) = postSolution
		SolutionGuid = {BDA064C4-49C8-4AFE-8514-08718FC62BFD}
	EndGlobalSection
EndGlobal
